// !$*UTF8*$!
{
	archiveVersion = 1;
	classes = {
	};
	objectVersion = 51;
	objects = {

/* Begin PBXBuildFile section */
		00ADC91437B5DAE05070A034 /* Pods_Flixster_FlixsterUITests.framework in Frameworks */ = {isa = PBXBuildFile; fileRef = F712CE0AD549D8898F1B23B6 /* Pods_Flixster_FlixsterUITests.framework */; };
		4DC092B2D79D7DEA006AE5E5 /* Pods_FlixsterTests.framework in Frameworks */ = {isa = PBXBuildFile; fileRef = 54E6F0D2A042DEFB03025D66 /* Pods_FlixsterTests.framework */; };
		4E0C339727AB558300EAB739 /* AppDelegate.swift in Sources */ = {isa = PBXBuildFile; fileRef = 4E0C339627AB558300EAB739 /* AppDelegate.swift */; };
		4E0C339927AB558300EAB739 /* SceneDelegate.swift in Sources */ = {isa = PBXBuildFile; fileRef = 4E0C339827AB558300EAB739 /* SceneDelegate.swift */; };
		4E0C339B27AB558300EAB739 /* MoviesViewController.swift in Sources */ = {isa = PBXBuildFile; fileRef = 4E0C339A27AB558300EAB739 /* MoviesViewController.swift */; };
		4E0C339E27AB558300EAB739 /* Main.storyboard in Resources */ = {isa = PBXBuildFile; fileRef = 4E0C339C27AB558300EAB739 /* Main.storyboard */; };
		4E0C33A027AB558500EAB739 /* Assets.xcassets in Resources */ = {isa = PBXBuildFile; fileRef = 4E0C339F27AB558500EAB739 /* Assets.xcassets */; };
		4E0C33A327AB558500EAB739 /* LaunchScreen.storyboard in Resources */ = {isa = PBXBuildFile; fileRef = 4E0C33A127AB558500EAB739 /* LaunchScreen.storyboard */; };
		4E0C33AE27AB558500EAB739 /* FlixsterTests.swift in Sources */ = {isa = PBXBuildFile; fileRef = 4E0C33AD27AB558500EAB739 /* FlixsterTests.swift */; };
		4E0C33B927AB558500EAB739 /* FlixsterUITests.swift in Sources */ = {isa = PBXBuildFile; fileRef = 4E0C33B827AB558500EAB739 /* FlixsterUITests.swift */; };
		4E0C33C727AB5DAD00EAB739 /* MovieCell.swift in Sources */ = {isa = PBXBuildFile; fileRef = 4E0C33C627AB5DAD00EAB739 /* MovieCell.swift */; };
		4EBED8E527B2283000113FF2 /* MovieDetailsViewController.swift in Sources */ = {isa = PBXBuildFile; fileRef = 4EBED8E427B2283000113FF2 /* MovieDetailsViewController.swift */; };
		4EBED8E727B236CC00113FF2 /* MovieGridViewController.swift in Sources */ = {isa = PBXBuildFile; fileRef = 4EBED8E627B236CC00113FF2 /* MovieGridViewController.swift */; };
		4EBED8E927B23BFF00113FF2 /* MovieGridCell.swift in Sources */ = {isa = PBXBuildFile; fileRef = 4EBED8E827B23BFF00113FF2 /* MovieGridCell.swift */; };
		B03C0A3DFCC59C6C94EAEBAB /* Pods_Flixster.framework in Frameworks */ = {isa = PBXBuildFile; fileRef = 32651C0F9F17960472685114 /* Pods_Flixster.framework */; };
/* End PBXBuildFile section */

/* Begin PBXContainerItemProxy section */
		4E0C33AA27AB558500EAB739 /* PBXContainerItemProxy */ = {
			isa = PBXContainerItemProxy;
			containerPortal = 4E0C338B27AB558300EAB739 /* Project object */;
			proxyType = 1;
			remoteGlobalIDString = 4E0C339227AB558300EAB739;
			remoteInfo = Flixster;
		};
		4E0C33B527AB558500EAB739 /* PBXContainerItemProxy */ = {
			isa = PBXContainerItemProxy;
			containerPortal = 4E0C338B27AB558300EAB739 /* Project object */;
			proxyType = 1;
			remoteGlobalIDString = 4E0C339227AB558300EAB739;
			remoteInfo = Flixster;
		};
/* End PBXContainerItemProxy section */

/* Begin PBXFileReference section */
		0C15AEE3D23574EBC1CF174D /* Pods-FlixsterTests.release.xcconfig */ = {isa = PBXFileReference; includeInIndex = 1; lastKnownFileType = text.xcconfig; name = "Pods-FlixsterTests.release.xcconfig"; path = "Target Support Files/Pods-FlixsterTests/Pods-FlixsterTests.release.xcconfig"; sourceTree = "<group>"; };
		32651C0F9F17960472685114 /* Pods_Flixster.framework */ = {isa = PBXFileReference; explicitFileType = wrapper.framework; includeInIndex = 0; path = Pods_Flixster.framework; sourceTree = BUILT_PRODUCTS_DIR; };
		3F0B52CADF03B0D8D2B11A9C /* Pods-Flixster.debug.xcconfig */ = {isa = PBXFileReference; includeInIndex = 1; lastKnownFileType = text.xcconfig; name = "Pods-Flixster.debug.xcconfig"; path = "Target Support Files/Pods-Flixster/Pods-Flixster.debug.xcconfig"; sourceTree = "<group>"; };
		4E0C339327AB558300EAB739 /* Flixster.app */ = {isa = PBXFileReference; explicitFileType = wrapper.application; includeInIndex = 0; path = Flixster.app; sourceTree = BUILT_PRODUCTS_DIR; };
		4E0C339627AB558300EAB739 /* AppDelegate.swift */ = {isa = PBXFileReference; lastKnownFileType = sourcecode.swift; path = AppDelegate.swift; sourceTree = "<group>"; };
		4E0C339827AB558300EAB739 /* SceneDelegate.swift */ = {isa = PBXFileReference; lastKnownFileType = sourcecode.swift; path = SceneDelegate.swift; sourceTree = "<group>"; };
		4E0C339A27AB558300EAB739 /* MoviesViewController.swift */ = {isa = PBXFileReference; lastKnownFileType = sourcecode.swift; path = MoviesViewController.swift; sourceTree = "<group>"; };
		4E0C339D27AB558300EAB739 /* Base */ = {isa = PBXFileReference; lastKnownFileType = file.storyboard; name = Base; path = Base.lproj/Main.storyboard; sourceTree = "<group>"; };
		4E0C339F27AB558500EAB739 /* Assets.xcassets */ = {isa = PBXFileReference; lastKnownFileType = folder.assetcatalog; path = Assets.xcassets; sourceTree = "<group>"; };
		4E0C33A227AB558500EAB739 /* Base */ = {isa = PBXFileReference; lastKnownFileType = file.storyboard; name = Base; path = Base.lproj/LaunchScreen.storyboard; sourceTree = "<group>"; };
		4E0C33A427AB558500EAB739 /* Info.plist */ = {isa = PBXFileReference; lastKnownFileType = text.plist.xml; path = Info.plist; sourceTree = "<group>"; };
		4E0C33A927AB558500EAB739 /* FlixsterTests.xctest */ = {isa = PBXFileReference; explicitFileType = wrapper.cfbundle; includeInIndex = 0; path = FlixsterTests.xctest; sourceTree = BUILT_PRODUCTS_DIR; };
		4E0C33AD27AB558500EAB739 /* FlixsterTests.swift */ = {isa = PBXFileReference; lastKnownFileType = sourcecode.swift; path = FlixsterTests.swift; sourceTree = "<group>"; };
		4E0C33AF27AB558500EAB739 /* Info.plist */ = {isa = PBXFileReference; lastKnownFileType = text.plist.xml; path = Info.plist; sourceTree = "<group>"; };
		4E0C33B427AB558500EAB739 /* FlixsterUITests.xctest */ = {isa = PBXFileReference; explicitFileType = wrapper.cfbundle; includeInIndex = 0; path = FlixsterUITests.xctest; sourceTree = BUILT_PRODUCTS_DIR; };
		4E0C33B827AB558500EAB739 /* FlixsterUITests.swift */ = {isa = PBXFileReference; lastKnownFileType = sourcecode.swift; path = FlixsterUITests.swift; sourceTree = "<group>"; };
		4E0C33BA27AB558500EAB739 /* Info.plist */ = {isa = PBXFileReference; lastKnownFileType = text.plist.xml; path = Info.plist; sourceTree = "<group>"; };
		4E0C33C627AB5DAD00EAB739 /* MovieCell.swift */ = {isa = PBXFileReference; lastKnownFileType = sourcecode.swift; path = MovieCell.swift; sourceTree = "<group>"; };
		4EBED8E427B2283000113FF2 /* MovieDetailsViewController.swift */ = {isa = PBXFileReference; lastKnownFileType = sourcecode.swift; path = MovieDetailsViewController.swift; sourceTree = "<group>"; };
		4EBED8E627B236CC00113FF2 /* MovieGridViewController.swift */ = {isa = PBXFileReference; lastKnownFileType = sourcecode.swift; path = MovieGridViewController.swift; sourceTree = "<group>"; };
		4EBED8E827B23BFF00113FF2 /* MovieGridCell.swift */ = {isa = PBXFileReference; lastKnownFileType = sourcecode.swift; path = MovieGridCell.swift; sourceTree = "<group>"; };
		54E6F0D2A042DEFB03025D66 /* Pods_FlixsterTests.framework */ = {isa = PBXFileReference; explicitFileType = wrapper.framework; includeInIndex = 0; path = Pods_FlixsterTests.framework; sourceTree = BUILT_PRODUCTS_DIR; };
		57A0FD8F8407FE14CAADD477 /* Pods-FlixsterTests.debug.xcconfig */ = {isa = PBXFileReference; includeInIndex = 1; lastKnownFileType = text.xcconfig; name = "Pods-FlixsterTests.debug.xcconfig"; path = "Target Support Files/Pods-FlixsterTests/Pods-FlixsterTests.debug.xcconfig"; sourceTree = "<group>"; };
		92F64E80973AB5ECF1AEDE92 /* Pods-Flixster-FlixsterUITests.debug.xcconfig */ = {isa = PBXFileReference; includeInIndex = 1; lastKnownFileType = text.xcconfig; name = "Pods-Flixster-FlixsterUITests.debug.xcconfig"; path = "Target Support Files/Pods-Flixster-FlixsterUITests/Pods-Flixster-FlixsterUITests.debug.xcconfig"; sourceTree = "<group>"; };
		94557E6307EAB1491C35ED2D /* Pods-Flixster-FlixsterUITests.release.xcconfig */ = {isa = PBXFileReference; includeInIndex = 1; lastKnownFileType = text.xcconfig; name = "Pods-Flixster-FlixsterUITests.release.xcconfig"; path = "Target Support Files/Pods-Flixster-FlixsterUITests/Pods-Flixster-FlixsterUITests.release.xcconfig"; sourceTree = "<group>"; };
		B5D624E055177FAC96D0540A /* Pods-Flixster.release.xcconfig */ = {isa = PBXFileReference; includeInIndex = 1; lastKnownFileType = text.xcconfig; name = "Pods-Flixster.release.xcconfig"; path = "Target Support Files/Pods-Flixster/Pods-Flixster.release.xcconfig"; sourceTree = "<group>"; };
		F712CE0AD549D8898F1B23B6 /* Pods_Flixster_FlixsterUITests.framework */ = {isa = PBXFileReference; explicitFileType = wrapper.framework; includeInIndex = 0; path = Pods_Flixster_FlixsterUITests.framework; sourceTree = BUILT_PRODUCTS_DIR; };
/* End PBXFileReference section */

/* Begin PBXFrameworksBuildPhase section */
		4E0C339027AB558300EAB739 /* Frameworks */ = {
			isa = PBXFrameworksBuildPhase;
			buildActionMask = 2147483647;
			files = (
				B03C0A3DFCC59C6C94EAEBAB /* Pods_Flixster.framework in Frameworks */,
			);
			runOnlyForDeploymentPostprocessing = 0;
		};
		4E0C33A627AB558500EAB739 /* Frameworks */ = {
			isa = PBXFrameworksBuildPhase;
			buildActionMask = 2147483647;
			files = (
				4DC092B2D79D7DEA006AE5E5 /* Pods_FlixsterTests.framework in Frameworks */,
			);
			runOnlyForDeploymentPostprocessing = 0;
		};
		4E0C33B127AB558500EAB739 /* Frameworks */ = {
			isa = PBXFrameworksBuildPhase;
			buildActionMask = 2147483647;
			files = (
				00ADC91437B5DAE05070A034 /* Pods_Flixster_FlixsterUITests.framework in Frameworks */,
			);
			runOnlyForDeploymentPostprocessing = 0;
		};
/* End PBXFrameworksBuildPhase section */

/* Begin PBXGroup section */
		4E0C338A27AB558300EAB739 = {
			isa = PBXGroup;
			children = (
				4E0C339527AB558300EAB739 /* Flixster */,
				4E0C33AC27AB558500EAB739 /* FlixsterTests */,
				4E0C33B727AB558500EAB739 /* FlixsterUITests */,
				4E0C339427AB558300EAB739 /* Products */,
				54CC8D0A91712E1A0A90D21E /* Pods */,
				A5022AD4E3ED7266BFF7E557 /* Frameworks */,
			);
			sourceTree = "<group>";
		};
		4E0C339427AB558300EAB739 /* Products */ = {
			isa = PBXGroup;
			children = (
				4E0C339327AB558300EAB739 /* Flixster.app */,
				4E0C33A927AB558500EAB739 /* FlixsterTests.xctest */,
				4E0C33B427AB558500EAB739 /* FlixsterUITests.xctest */,
			);
			name = Products;
			sourceTree = "<group>";
		};
		4E0C339527AB558300EAB739 /* Flixster */ = {
			isa = PBXGroup;
			children = (
				4EBED8E827B23BFF00113FF2 /* MovieGridCell.swift */,
				4E0C339627AB558300EAB739 /* AppDelegate.swift */,
				4E0C339827AB558300EAB739 /* SceneDelegate.swift */,
				4E0C339A27AB558300EAB739 /* MoviesViewController.swift */,
				4E0C339C27AB558300EAB739 /* Main.storyboard */,
				4E0C339F27AB558500EAB739 /* Assets.xcassets */,
				4E0C33A127AB558500EAB739 /* LaunchScreen.storyboard */,
				4E0C33A427AB558500EAB739 /* Info.plist */,
				4E0C33C627AB5DAD00EAB739 /* MovieCell.swift */,
				4EBED8E427B2283000113FF2 /* MovieDetailsViewController.swift */,
				4EBED8E627B236CC00113FF2 /* MovieGridViewController.swift */,
			);
			path = Flixster;
			sourceTree = "<group>";
		};
		4E0C33AC27AB558500EAB739 /* FlixsterTests */ = {
			isa = PBXGroup;
			children = (
				4E0C33AD27AB558500EAB739 /* FlixsterTests.swift */,
				4E0C33AF27AB558500EAB739 /* Info.plist */,
			);
			path = FlixsterTests;
			sourceTree = "<group>";
		};
		4E0C33B727AB558500EAB739 /* FlixsterUITests */ = {
			isa = PBXGroup;
			children = (
				4E0C33B827AB558500EAB739 /* FlixsterUITests.swift */,
				4E0C33BA27AB558500EAB739 /* Info.plist */,
			);
			path = FlixsterUITests;
			sourceTree = "<group>";
		};
		54CC8D0A91712E1A0A90D21E /* Pods */ = {
			isa = PBXGroup;
			children = (
				3F0B52CADF03B0D8D2B11A9C /* Pods-Flixster.debug.xcconfig */,
				B5D624E055177FAC96D0540A /* Pods-Flixster.release.xcconfig */,
				92F64E80973AB5ECF1AEDE92 /* Pods-Flixster-FlixsterUITests.debug.xcconfig */,
				94557E6307EAB1491C35ED2D /* Pods-Flixster-FlixsterUITests.release.xcconfig */,
				57A0FD8F8407FE14CAADD477 /* Pods-FlixsterTests.debug.xcconfig */,
				0C15AEE3D23574EBC1CF174D /* Pods-FlixsterTests.release.xcconfig */,
			);
			path = Pods;
			sourceTree = "<group>";
		};
		A5022AD4E3ED7266BFF7E557 /* Frameworks */ = {
			isa = PBXGroup;
			children = (
				32651C0F9F17960472685114 /* Pods_Flixster.framework */,
				F712CE0AD549D8898F1B23B6 /* Pods_Flixster_FlixsterUITests.framework */,
				54E6F0D2A042DEFB03025D66 /* Pods_FlixsterTests.framework */,
			);
			name = Frameworks;
			sourceTree = "<group>";
		};
/* End PBXGroup section */

/* Begin PBXNativeTarget section */
		4E0C339227AB558300EAB739 /* Flixster */ = {
			isa = PBXNativeTarget;
			buildConfigurationList = 4E0C33BD27AB558500EAB739 /* Build configuration list for PBXNativeTarget "Flixster" */;
			buildPhases = (
				FB4ECC490C4D822F8B2025B1 /* [CP] Check Pods Manifest.lock */,
				4E0C338F27AB558300EAB739 /* Sources */,
				4E0C339027AB558300EAB739 /* Frameworks */,
				4E0C339127AB558300EAB739 /* Resources */,
				8B2BB7C0C0330A7F4A421165 /* [CP] Embed Pods Frameworks */,
			);
			buildRules = (
			);
			dependencies = (
			);
			name = Flixster;
			productName = Flixster;
			productReference = 4E0C339327AB558300EAB739 /* Flixster.app */;
			productType = "com.apple.product-type.application";
		};
		4E0C33A827AB558500EAB739 /* FlixsterTests */ = {
			isa = PBXNativeTarget;
			buildConfigurationList = 4E0C33C027AB558500EAB739 /* Build configuration list for PBXNativeTarget "FlixsterTests" */;
			buildPhases = (
				362DBB7BCE557DA6CEACBBCE /* [CP] Check Pods Manifest.lock */,
				4E0C33A527AB558500EAB739 /* Sources */,
				4E0C33A627AB558500EAB739 /* Frameworks */,
				4E0C33A727AB558500EAB739 /* Resources */,
			);
			buildRules = (
			);
			dependencies = (
				4E0C33AB27AB558500EAB739 /* PBXTargetDependency */,
			);
			name = FlixsterTests;
			productName = FlixsterTests;
			productReference = 4E0C33A927AB558500EAB739 /* FlixsterTests.xctest */;
			productType = "com.apple.product-type.bundle.unit-test";
		};
		4E0C33B327AB558500EAB739 /* FlixsterUITests */ = {
			isa = PBXNativeTarget;
			buildConfigurationList = 4E0C33C327AB558500EAB739 /* Build configuration list for PBXNativeTarget "FlixsterUITests" */;
			buildPhases = (
				D68878D2730A515675E59FBE /* [CP] Check Pods Manifest.lock */,
				4E0C33B027AB558500EAB739 /* Sources */,
				4E0C33B127AB558500EAB739 /* Frameworks */,
				4E0C33B227AB558500EAB739 /* Resources */,
				694BAB4422F77760BF1BE12F /* [CP] Embed Pods Frameworks */,
			);
			buildRules = (
			);
			dependencies = (
				4E0C33B627AB558500EAB739 /* PBXTargetDependency */,
			);
			name = FlixsterUITests;
			productName = FlixsterUITests;
			productReference = 4E0C33B427AB558500EAB739 /* FlixsterUITests.xctest */;
			productType = "com.apple.product-type.bundle.ui-testing";
		};
/* End PBXNativeTarget section */

/* Begin PBXProject section */
		4E0C338B27AB558300EAB739 /* Project object */ = {
			isa = PBXProject;
			attributes = {
				LastSwiftUpdateCheck = 1250;
				LastUpgradeCheck = 1250;
				TargetAttributes = {
					4E0C339227AB558300EAB739 = {
						CreatedOnToolsVersion = 12.5.1;
					};
					4E0C33A827AB558500EAB739 = {
						CreatedOnToolsVersion = 12.5.1;
						TestTargetID = 4E0C339227AB558300EAB739;
					};
					4E0C33B327AB558500EAB739 = {
						CreatedOnToolsVersion = 12.5.1;
						TestTargetID = 4E0C339227AB558300EAB739;
					};
				};
			};
			buildConfigurationList = 4E0C338E27AB558300EAB739 /* Build configuration list for PBXProject "Flixster" */;
			compatibilityVersion = "Xcode 9.3";
			developmentRegion = en;
			hasScannedForEncodings = 0;
			knownRegions = (
				en,
				Base,
			);
			mainGroup = 4E0C338A27AB558300EAB739;
			productRefGroup = 4E0C339427AB558300EAB739 /* Products */;
			projectDirPath = "";
			projectRoot = "";
			targets = (
				4E0C339227AB558300EAB739 /* Flixster */,
				4E0C33A827AB558500EAB739 /* FlixsterTests */,
				4E0C33B327AB558500EAB739 /* FlixsterUITests */,
			);
		};
/* End PBXProject section */

/* Begin PBXResourcesBuildPhase section */
		4E0C339127AB558300EAB739 /* Resources */ = {
			isa = PBXResourcesBuildPhase;
			buildActionMask = 2147483647;
			files = (
				4E0C33A327AB558500EAB739 /* LaunchScreen.storyboard in Resources */,
				4E0C33A027AB558500EAB739 /* Assets.xcassets in Resources */,
				4E0C339E27AB558300EAB739 /* Main.storyboard in Resources */,
			);
			runOnlyForDeploymentPostprocessing = 0;
		};
		4E0C33A727AB558500EAB739 /* Resources */ = {
			isa = PBXResourcesBuildPhase;
			buildActionMask = 2147483647;
			files = (
			);
			runOnlyForDeploymentPostprocessing = 0;
		};
		4E0C33B227AB558500EAB739 /* Resources */ = {
			isa = PBXResourcesBuildPhase;
			buildActionMask = 2147483647;
			files = (
			);
			runOnlyForDeploymentPostprocessing = 0;
		};
/* End PBXResourcesBuildPhase section */

/* Begin PBXShellScriptBuildPhase section */
		362DBB7BCE557DA6CEACBBCE /* [CP] Check Pods Manifest.lock */ = {
			isa = PBXShellScriptBuildPhase;
			buildActionMask = 2147483647;
			files = (
			);
			inputFileListPaths = (
			);
			inputPaths = (
				"${PODS_PODFILE_DIR_PATH}/Podfile.lock",
				"${PODS_ROOT}/Manifest.lock",
			);
			name = "[CP] Check Pods Manifest.lock";
			outputFileListPaths = (
			);
			outputPaths = (
				"$(DERIVED_FILE_DIR)/Pods-FlixsterTests-checkManifestLockResult.txt",
			);
			runOnlyForDeploymentPostprocessing = 0;
			shellPath = /bin/sh;
			shellScript = "diff \"${PODS_PODFILE_DIR_PATH}/Podfile.lock\" \"${PODS_ROOT}/Manifest.lock\" > /dev/null\nif [ $? != 0 ] ; then\n    # print error to STDERR\n    echo \"error: The sandbox is not in sync with the Podfile.lock. Run 'pod install' or update your CocoaPods installation.\" >&2\n    exit 1\nfi\n# This output is used by Xcode 'outputs' to avoid re-running this script phase.\necho \"SUCCESS\" > \"${SCRIPT_OUTPUT_FILE_0}\"\n";
			showEnvVarsInLog = 0;
		};
		694BAB4422F77760BF1BE12F /* [CP] Embed Pods Frameworks */ = {
			isa = PBXShellScriptBuildPhase;
			buildActionMask = 2147483647;
			files = (
			);
			inputFileListPaths = (
				"${PODS_ROOT}/Target Support Files/Pods-Flixster-FlixsterUITests/Pods-Flixster-FlixsterUITests-frameworks-${CONFIGURATION}-input-files.xcfilelist",
			);
			name = "[CP] Embed Pods Frameworks";
			outputFileListPaths = (
				"${PODS_ROOT}/Target Support Files/Pods-Flixster-FlixsterUITests/Pods-Flixster-FlixsterUITests-frameworks-${CONFIGURATION}-output-files.xcfilelist",
			);
			runOnlyForDeploymentPostprocessing = 0;
			shellPath = /bin/sh;
			shellScript = "\"${PODS_ROOT}/Target Support Files/Pods-Flixster-FlixsterUITests/Pods-Flixster-FlixsterUITests-frameworks.sh\"\n";
			showEnvVarsInLog = 0;
		};
		8B2BB7C0C0330A7F4A421165 /* [CP] Embed Pods Frameworks */ = {
			isa = PBXShellScriptBuildPhase;
			buildActionMask = 2147483647;
			files = (
			);
			inputFileListPaths = (
				"${PODS_ROOT}/Target Support Files/Pods-Flixster/Pods-Flixster-frameworks-${CONFIGURATION}-input-files.xcfilelist",
			);
			name = "[CP] Embed Pods Frameworks";
			outputFileListPaths = (
				"${PODS_ROOT}/Target Support Files/Pods-Flixster/Pods-Flixster-frameworks-${CONFIGURATION}-output-files.xcfilelist",
			);
			runOnlyForDeploymentPostprocessing = 0;
			shellPath = /bin/sh;
			shellScript = "\"${PODS_ROOT}/Target Support Files/Pods-Flixster/Pods-Flixster-frameworks.sh\"\n";
			showEnvVarsInLog = 0;
		};
		D68878D2730A515675E59FBE /* [CP] Check Pods Manifest.lock */ = {
			isa = PBXShellScriptBuildPhase;
			buildActionMask = 2147483647;
			files = (
			);
			inputFileListPaths = (
			);
			inputPaths = (
				"${PODS_PODFILE_DIR_PATH}/Podfile.lock",
				"${PODS_ROOT}/Manifest.lock",
			);
			name = "[CP] Check Pods Manifest.lock";
			outputFileListPaths = (
			);
			outputPaths = (
				"$(DERIVED_FILE_DIR)/Pods-Flixster-FlixsterUITests-checkManifestLockResult.txt",
			);
			runOnlyForDeploymentPostprocessing = 0;
			shellPath = /bin/sh;
			shellScript = "diff \"${PODS_PODFILE_DIR_PATH}/Podfile.lock\" \"${PODS_ROOT}/Manifest.lock\" > /dev/null\nif [ $? != 0 ] ; then\n    # print error to STDERR\n    echo \"error: The sandbox is not in sync with the Podfile.lock. Run 'pod install' or update your CocoaPods installation.\" >&2\n    exit 1\nfi\n# This output is used by Xcode 'outputs' to avoid re-running this script phase.\necho \"SUCCESS\" > \"${SCRIPT_OUTPUT_FILE_0}\"\n";
			showEnvVarsInLog = 0;
		};
		FB4ECC490C4D822F8B2025B1 /* [CP] Check Pods Manifest.lock */ = {
			isa = PBXShellScriptBuildPhase;
			buildActionMask = 2147483647;
			files = (
			);
			inputFileListPaths = (
			);
			inputPaths = (
				"${PODS_PODFILE_DIR_PATH}/Podfile.lock",
				"${PODS_ROOT}/Manifest.lock",
			);
			name = "[CP] Check Pods Manifest.lock";
			outputFileListPaths = (
			);
			outputPaths = (
				"$(DERIVED_FILE_DIR)/Pods-Flixster-checkManifestLockResult.txt",
			);
			runOnlyForDeploymentPostprocessing = 0;
			shellPath = /bin/sh;
			shellScript = "diff \"${PODS_PODFILE_DIR_PATH}/Podfile.lock\" \"${PODS_ROOT}/Manifest.lock\" > /dev/null\nif [ $? != 0 ] ; then\n    # print error to STDERR\n    echo \"error: The sandbox is not in sync with the Podfile.lock. Run 'pod install' or update your CocoaPods installation.\" >&2\n    exit 1\nfi\n# This output is used by Xcode 'outputs' to avoid re-running this script phase.\necho \"SUCCESS\" > \"${SCRIPT_OUTPUT_FILE_0}\"\n";
			showEnvVarsInLog = 0;
		};
/* End PBXShellScriptBuildPhase section */

/* Begin PBXSourcesBuildPhase section */
		4E0C338F27AB558300EAB739 /* Sources */ = {
			isa = PBXSourcesBuildPhase;
			buildActionMask = 2147483647;
			files = (
				4EBED8E527B2283000113FF2 /* MovieDetailsViewController.swift in Sources */,
				4E0C339B27AB558300EAB739 /* MoviesViewController.swift in Sources */,
				4E0C339727AB558300EAB739 /* AppDelegate.swift in Sources */,
				4E0C33C727AB5DAD00EAB739 /* MovieCell.swift in Sources */,
				4E0C339927AB558300EAB739 /* SceneDelegate.swift in Sources */,
				4EBED8E727B236CC00113FF2 /* MovieGridViewController.swift in Sources */,
				4EBED8E927B23BFF00113FF2 /* MovieGridCell.swift in Sources */,
			);
			runOnlyForDeploymentPostprocessing = 0;
		};
		4E0C33A527AB558500EAB739 /* Sources */ = {
			isa = PBXSourcesBuildPhase;
			buildActionMask = 2147483647;
			files = (
				4E0C33AE27AB558500EAB739 /* FlixsterTests.swift in Sources */,
			);
			runOnlyForDeploymentPostprocessing = 0;
		};
		4E0C33B027AB558500EAB739 /* Sources */ = {
			isa = PBXSourcesBuildPhase;
			buildActionMask = 2147483647;
			files = (
				4E0C33B927AB558500EAB739 /* FlixsterUITests.swift in Sources */,
			);
			runOnlyForDeploymentPostprocessing = 0;
		};
/* End PBXSourcesBuildPhase section */

/* Begin PBXTargetDependency section */
		4E0C33AB27AB558500EAB739 /* PBXTargetDependency */ = {
			isa = PBXTargetDependency;
			target = 4E0C339227AB558300EAB739 /* Flixster */;
			targetProxy = 4E0C33AA27AB558500EAB739 /* PBXContainerItemProxy */;
		};
		4E0C33B627AB558500EAB739 /* PBXTargetDependency */ = {
			isa = PBXTargetDependency;
			target = 4E0C339227AB558300EAB739 /* Flixster */;
			targetProxy = 4E0C33B527AB558500EAB739 /* PBXContainerItemProxy */;
		};
/* End PBXTargetDependency section */

/* Begin PBXVariantGroup section */
		4E0C339C27AB558300EAB739 /* Main.storyboard */ = {
			isa = PBXVariantGroup;
			children = (
				4E0C339D27AB558300EAB739 /* Base */,
			);
			name = Main.storyboard;
			sourceTree = "<group>";
		};
		4E0C33A127AB558500EAB739 /* LaunchScreen.storyboard */ = {
			isa = PBXVariantGroup;
			children = (
				4E0C33A227AB558500EAB739 /* Base */,
			);
			name = LaunchScreen.storyboard;
			sourceTree = "<group>";
		};
/* End PBXVariantGroup section */

/* Begin XCBuildConfiguration section */
		4E0C33BB27AB558500EAB739 /* Debug */ = {
			isa = XCBuildConfiguration;
			buildSettings = {
				ALWAYS_SEARCH_USER_PATHS = NO;
				CLANG_ANALYZER_NONNULL = YES;
				CLANG_ANALYZER_NUMBER_OBJECT_CONVERSION = YES_AGGRESSIVE;
				CLANG_CXX_LANGUAGE_STANDARD = "gnu++14";
				CLANG_CXX_LIBRARY = "libc++";
				CLANG_ENABLE_MODULES = YES;
				CLANG_ENABLE_OBJC_ARC = YES;
				CLANG_ENABLE_OBJC_WEAK = YES;
				CLANG_WARN_BLOCK_CAPTURE_AUTORELEASING = YES;
				CLANG_WARN_BOOL_CONVERSION = YES;
				CLANG_WARN_COMMA = YES;
				CLANG_WARN_CONSTANT_CONVERSION = YES;
				CLANG_WARN_DEPRECATED_OBJC_IMPLEMENTATIONS = YES;
				CLANG_WARN_DIRECT_OBJC_ISA_USAGE = YES_ERROR;
				CLANG_WARN_DOCUMENTATION_COMMENTS = YES;
				CLANG_WARN_EMPTY_BODY = YES;
				CLANG_WARN_ENUM_CONVERSION = YES;
				CLANG_WARN_INFINITE_RECURSION = YES;
				CLANG_WARN_INT_CONVERSION = YES;
				CLANG_WARN_NON_LITERAL_NULL_CONVERSION = YES;
				CLANG_WARN_OBJC_IMPLICIT_RETAIN_SELF = YES;
				CLANG_WARN_OBJC_LITERAL_CONVERSION = YES;
				CLANG_WARN_OBJC_ROOT_CLASS = YES_ERROR;
				CLANG_WARN_QUOTED_INCLUDE_IN_FRAMEWORK_HEADER = YES;
				CLANG_WARN_RANGE_LOOP_ANALYSIS = YES;
				CLANG_WARN_STRICT_PROTOTYPES = YES;
				CLANG_WARN_SUSPICIOUS_MOVE = YES;
				CLANG_WARN_UNGUARDED_AVAILABILITY = YES_AGGRESSIVE;
				CLANG_WARN_UNREACHABLE_CODE = YES;
				CLANG_WARN__DUPLICATE_METHOD_MATCH = YES;
				COPY_PHASE_STRIP = NO;
				DEBUG_INFORMATION_FORMAT = dwarf;
				ENABLE_STRICT_OBJC_MSGSEND = YES;
				ENABLE_TESTABILITY = YES;
				GCC_C_LANGUAGE_STANDARD = gnu11;
				GCC_DYNAMIC_NO_PIC = NO;
				GCC_NO_COMMON_BLOCKS = YES;
				GCC_OPTIMIZATION_LEVEL = 0;
				GCC_PREPROCESSOR_DEFINITIONS = (
					"DEBUG=1",
					"$(inherited)",
				);
				GCC_WARN_64_TO_32_BIT_CONVERSION = YES;
				GCC_WARN_ABOUT_RETURN_TYPE = YES_ERROR;
				GCC_WARN_UNDECLARED_SELECTOR = YES;
				GCC_WARN_UNINITIALIZED_AUTOS = YES_AGGRESSIVE;
				GCC_WARN_UNUSED_FUNCTION = YES;
				GCC_WARN_UNUSED_VARIABLE = YES;
				IPHONEOS_DEPLOYMENT_TARGET = 14.5;
				MTL_ENABLE_DEBUG_INFO = INCLUDE_SOURCE;
				MTL_FAST_MATH = YES;
				ONLY_ACTIVE_ARCH = YES;
				SDKROOT = iphoneos;
				SWIFT_ACTIVE_COMPILATION_CONDITIONS = DEBUG;
				SWIFT_OPTIMIZATION_LEVEL = "-Onone";
			};
			name = Debug;
		};
		4E0C33BC27AB558500EAB739 /* Release */ = {
			isa = XCBuildConfiguration;
			buildSettings = {
				ALWAYS_SEARCH_USER_PATHS = NO;
				CLANG_ANALYZER_NONNULL = YES;
				CLANG_ANALYZER_NUMBER_OBJECT_CONVERSION = YES_AGGRESSIVE;
				CLANG_CXX_LANGUAGE_STANDARD = "gnu++14";
				CLANG_CXX_LIBRARY = "libc++";
				CLANG_ENABLE_MODULES = YES;
				CLANG_ENABLE_OBJC_ARC = YES;
				CLANG_ENABLE_OBJC_WEAK = YES;
				CLANG_WARN_BLOCK_CAPTURE_AUTORELEASING = YES;
				CLANG_WARN_BOOL_CONVERSION = YES;
				CLANG_WARN_COMMA = YES;
				CLANG_WARN_CONSTANT_CONVERSION = YES;
				CLANG_WARN_DEPRECATED_OBJC_IMPLEMENTATIONS = YES;
				CLANG_WARN_DIRECT_OBJC_ISA_USAGE = YES_ERROR;
				CLANG_WARN_DOCUMENTATION_COMMENTS = YES;
				CLANG_WARN_EMPTY_BODY = YES;
				CLANG_WARN_ENUM_CONVERSION = YES;
				CLANG_WARN_INFINITE_RECURSION = YES;
				CLANG_WARN_INT_CONVERSION = YES;
				CLANG_WARN_NON_LITERAL_NULL_CONVERSION = YES;
				CLANG_WARN_OBJC_IMPLICIT_RETAIN_SELF = YES;
				CLANG_WARN_OBJC_LITERAL_CONVERSION = YES;
				CLANG_WARN_OBJC_ROOT_CLASS = YES_ERROR;
				CLANG_WARN_QUOTED_INCLUDE_IN_FRAMEWORK_HEADER = YES;
				CLANG_WARN_RANGE_LOOP_ANALYSIS = YES;
				CLANG_WARN_STRICT_PROTOTYPES = YES;
				CLANG_WARN_SUSPICIOUS_MOVE = YES;
				CLANG_WARN_UNGUARDED_AVAILABILITY = YES_AGGRESSIVE;
				CLANG_WARN_UNREACHABLE_CODE = YES;
				CLANG_WARN__DUPLICATE_METHOD_MATCH = YES;
				COPY_PHASE_STRIP = NO;
				DEBUG_INFORMATION_FORMAT = "dwarf-with-dsym";
				ENABLE_NS_ASSERTIONS = NO;
				ENABLE_STRICT_OBJC_MSGSEND = YES;
				GCC_C_LANGUAGE_STANDARD = gnu11;
				GCC_NO_COMMON_BLOCKS = YES;
				GCC_WARN_64_TO_32_BIT_CONVERSION = YES;
				GCC_WARN_ABOUT_RETURN_TYPE = YES_ERROR;
				GCC_WARN_UNDECLARED_SELECTOR = YES;
				GCC_WARN_UNINITIALIZED_AUTOS = YES_AGGRESSIVE;
				GCC_WARN_UNUSED_FUNCTION = YES;
				GCC_WARN_UNUSED_VARIABLE = YES;
				IPHONEOS_DEPLOYMENT_TARGET = 14.5;
				MTL_ENABLE_DEBUG_INFO = NO;
				MTL_FAST_MATH = YES;
				SDKROOT = iphoneos;
				SWIFT_COMPILATION_MODE = wholemodule;
				SWIFT_OPTIMIZATION_LEVEL = "-O";
				VALIDATE_PRODUCT = YES;
			};
			name = Release;
		};
		4E0C33BE27AB558500EAB739 /* Debug */ = {
			isa = XCBuildConfiguration;
			baseConfigurationReference = 3F0B52CADF03B0D8D2B11A9C /* Pods-Flixster.debug.xcconfig */;
			buildSettings = {
				ASSETCATALOG_COMPILER_APPICON_NAME = AppIcon;
				ASSETCATALOG_COMPILER_GLOBAL_ACCENT_COLOR_NAME = AccentColor;
				CODE_SIGN_STYLE = Automatic;
				DEVELOPMENT_TEAM = 3AVWF7PNV6;
				INFOPLIST_FILE = Flixster/Info.plist;
				LD_RUNPATH_SEARCH_PATHS = (
					"$(inherited)",
					"@executable_path/Frameworks",
				);
				PRODUCT_BUNDLE_IDENTIFIER = com.lorenzo.miro.sd.Flixster;
				PRODUCT_NAME = "$(TARGET_NAME)";
				SWIFT_VERSION = 5.0;
				TARGETED_DEVICE_FAMILY = "1,2";
			};
			name = Debug;
		};
		4E0C33BF27AB558500EAB739 /* Release */ = {
			isa = XCBuildConfiguration;
			baseConfigurationReference = B5D624E055177FAC96D0540A /* Pods-Flixster.release.xcconfig */;
			buildSettings = {
				ASSETCATALOG_COMPILER_APPICON_NAME = AppIcon;
				ASSETCATALOG_COMPILER_GLOBAL_ACCENT_COLOR_NAME = AccentColor;
				CODE_SIGN_STYLE = Automatic;
				DEVELOPMENT_TEAM = 3AVWF7PNV6;
				INFOPLIST_FILE = Flixster/Info.plist;
				LD_RUNPATH_SEARCH_PATHS = (
					"$(inherited)",
					"@executable_path/Frameworks",
				);
				PRODUCT_BUNDLE_IDENTIFIER = com.lorenzo.miro.sd.Flixster;
				PRODUCT_NAME = "$(TARGET_NAME)";
				SWIFT_VERSION = 5.0;
				TARGETED_DEVICE_FAMILY = "1,2";
			};
			name = Release;
		};
		4E0C33C127AB558500EAB739 /* Debug */ = {
			isa = XCBuildConfiguration;
			baseConfigurationReference = 57A0FD8F8407FE14CAADD477 /* Pods-FlixsterTests.debug.xcconfig */;
			buildSettings = {
				ALWAYS_EMBED_SWIFT_STANDARD_LIBRARIES = YES;
				BUNDLE_LOADER = "$(TEST_HOST)";
				CODE_SIGN_STYLE = Automatic;
				DEVELOPMENT_TEAM = 3AVWF7PNV6;
				INFOPLIST_FILE = FlixsterTests/Info.plist;
				IPHONEOS_DEPLOYMENT_TARGET = 14.5;
				LD_RUNPATH_SEARCH_PATHS = (
					"$(inherited)",
					"@executable_path/Frameworks",
					"@loader_path/Frameworks",
				);
				PRODUCT_BUNDLE_IDENTIFIER = com.lorenzo.miro.sd.FlixsterTests;
				PRODUCT_NAME = "$(TARGET_NAME)";
				SWIFT_VERSION = 5.0;
				TARGETED_DEVICE_FAMILY = "1,2";
				TEST_HOST = "$(BUILT_PRODUCTS_DIR)/Flixster.app/Flixster";
			};
			name = Debug;
		};
		4E0C33C227AB558500EAB739 /* Release */ = {
			isa = XCBuildConfiguration;
			baseConfigurationReference = 0C15AEE3D23574EBC1CF174D /* Pods-FlixsterTests.release.xcconfig */;
			buildSettings = {
				ALWAYS_EMBED_SWIFT_STANDARD_LIBRARIES = YES;
				BUNDLE_LOADER = "$(TEST_HOST)";
				CODE_SIGN_STYLE = Automatic;
				DEVELOPMENT_TEAM = 3AVWF7PNV6;
				INFOPLIST_FILE = FlixsterTests/Info.plist;
				IPHONEOS_DEPLOYMENT_TARGET = 14.5;
				LD_RUNPATH_SEARCH_PATHS = (
					"$(inherited)",
					"@executable_path/Frameworks",
					"@loader_path/Frameworks",
				);
				PRODUCT_BUNDLE_IDENTIFIER = com.lorenzo.miro.sd.FlixsterTests;
				PRODUCT_NAME = "$(TARGET_NAME)";
				SWIFT_VERSION = 5.0;
				TARGETED_DEVICE_FAMILY = "1,2";
				TEST_HOST = "$(BUILT_PRODUCTS_DIR)/Flixster.app/Flixster";
			};
			name = Release;
		};
		4E0C33C427AB558500EAB739 /* Debug */ = {
			isa = XCBuildConfiguration;
			baseConfigurationReference = 92F64E80973AB5ECF1AEDE92 /* Pods-Flixster-FlixsterUITests.debug.xcconfig */;
			buildSettings = {
				ALWAYS_EMBED_SWIFT_STANDARD_LIBRARIES = YES;
				CODE_SIGN_STYLE = Automatic;
				DEVELOPMENT_TEAM = 3AVWF7PNV6;
				INFOPLIST_FILE = FlixsterUITests/Info.plist;
				LD_RUNPATH_SEARCH_PATHS = (
					"$(inherited)",
					"@executable_path/Frameworks",
					"@loader_path/Frameworks",
				);
				PRODUCT_BUNDLE_IDENTIFIER = com.lorenzo.miro.sd.FlixsterUITests;
				PRODUCT_NAME = "$(TARGET_NAME)";
				SWIFT_VERSION = 5.0;
				TARGETED_DEVICE_FAMILY = "1,2";
				TEST_TARGET_NAME = Flixster;
			};
			name = Debug;
		};
		4E0C33C527AB558500EAB739 /* Release */ = {
			isa = XCBuildConfiguration;
			baseConfigurationReference = 94557E6307EAB1491C35ED2D /* Pods-Flixster-FlixsterUITests.release.xcconfig */;
			buildSettings = {
				ALWAYS_EMBED_SWIFT_STANDARD_LIBRARIES = YES;
				CODE_SIGN_STYLE = Automatic;
				DEVELOPMENT_TEAM = 3AVWF7PNV6;
				INFOPLIST_FILE = FlixsterUITests/Info.plist;
				LD_RUNPATH_SEARCH_PATHS = (
					"$(inherited)",
					"@executable_path/Frameworks",
					"@loader_path/Frameworks",
				);
				PRODUCT_BUNDLE_IDENTIFIER = com.lorenzo.miro.sd.FlixsterUITests;
				PRODUCT_NAME = "$(TARGET_NAME)";
				SWIFT_VERSION = 5.0;
				TARGETED_DEVICE_FAMILY = "1,2";
				TEST_TARGET_NAME = Flixster;
			};
			name = Release;
		};
/* End XCBuildConfiguration section */

/* Begin XCConfigurationList section */
		4E0C338E27AB558300EAB739 /* Build configuration list for PBXProject "Flixster" */ = {
			isa = XCConfigurationList;
			buildConfigurations = (
				4E0C33BB27AB558500EAB739 /* Debug */,
				4E0C33BC27AB558500EAB739 /* Release */,
			);
			defaultConfigurationIsVisible = 0;
			defaultConfigurationName = Release;
		};
		4E0C33BD27AB558500EAB739 /* Build configuration list for PBXNativeTarget "Flixster" */ = {
			isa = XCConfigurationList;
			buildConfigurations = (
				4E0C33BE27AB558500EAB739 /* Debug */,
				4E0C33BF27AB558500EAB739 /* Release */,
			);
			defaultConfigurationIsVisible = 0;
			defaultConfigurationName = Release;
		};
		4E0C33C027AB558500EAB739 /* Build configuration list for PBXNativeTarget "FlixsterTests" */ = {
			isa = XCConfigurationList;
			buildConfigurations = (
				4E0C33C127AB558500EAB739 /* Debug */,
				4E0C33C227AB558500EAB739 /* Release */,
			);
			defaultConfigurationIsVisible = 0;
			defaultConfigurationName = Release;
		};
		4E0C33C327AB558500EAB739 /* Build configuration list for PBXNativeTarget "FlixsterUITests" */ = {
			isa = XCConfigurationList;
			buildConfigurations = (
				4E0C33C427AB558500EAB739 /* Debug */,
				4E0C33C527AB558500EAB739 /* Release */,
			);
			defaultConfigurationIsVisible = 0;
			defaultConfigurationName = Release;
		};
/* End XCConfigurationList section */
	};
	rootObject = 4E0C338B27AB558300EAB739 /* Project object */;
}
